
Microsoft Visual Studio Solution File, Format Version 12.00
# Visual Studio 15
Project("{FAE04EC0-301F-11D3-BF4B-00C04F79EFBC}") = "GFDemo", "GFDemo.csproj", "{CA0C33E0-3950-C194-165D-3B50BC2E1069}"
EndProject
Project("{FAE04EC0-301F-11D3-BF4B-00C04F79EFBC}") = "GFDemo.Editor", "GFDemo.Editor.csproj", "{B972B17F-A72B-3D33-06E5-CCBEC92AC520}"
EndProject
Global
	GlobalSection(SolutionConfigurationPlatforms) = preSolution
		Debug|Any CPU = Debug|Any CPU
		Release|Any CPU = Release|Any CPU
	EndGlobalSection
	GlobalSection(ProjectConfigurationPlatforms) = postSolution
		{CA0C33E0-3950-C194-165D-3B50BC2E1069}.Debug|Any CPU.ActiveCfg = Debug|Any CPU
		{CA0C33E0-3950-C194-165D-3B50BC2E1069}.Debug|Any CPU.Build.0 = Debug|Any CPU
		{CA0C33E0-3950-C194-165D-3B50BC2E1069}.Release|Any CPU.ActiveCfg = Release|Any CPU
		{CA0C33E0-3950-C194-165D-3B50BC2E1069}.Release|Any CPU.Build.0 = Release|Any CPU
		{B972B17F-A72B-3D33-06E5-CCBEC92AC520}.Debug|Any CPU.ActiveCfg = Debug|Any CPU
		{B972B17F-A72B-3D33-06E5-CCBEC92AC520}.Debug|Any CPU.Build.0 = Debug|Any CPU
		{B972B17F-A72B-3D33-06E5-CCBEC92AC520}.Release|Any CPU.ActiveCfg = Release|Any CPU
		{B972B17F-A72B-3D33-06E5-CCBEC92AC520}.Release|Any CPU.Build.0 = Release|Any CPU
	EndGlobalSection
	GlobalSection(SolutionProperties) = preSolution
		HideSolutionNode = FALSE
	EndGlobalSection
EndGlobal
